
Microsoft Visual Studio Solution File, Format Version 12.00
# Visual Studio 15
VisualStudioVersion = 15.0.28307.2092
MinimumVisualStudioVersion = 10.0.40219.1
Project("{FAE04EC0-301F-11D3-BF4B-00C04F79EFBC}") = "Unilink.TechTest.Application", "Unilink.TechTest.Application\Unilink.TechTest.Application.csproj", "{26397CD8-0C93-45B2-A44D-F4D690063350}"
EndProject
Project("{FAE04EC0-301F-11D3-BF4B-00C04F79EFBC}") = "Unilink.TechTest.Domain", "Unilink.TechTest.Domain\Unilink.TechTest.Domain.csproj", "{3EF9E762-3132-480C-8827-0DC61D722D36}"
EndProject
Project("{FAE04EC0-301F-11D3-BF4B-00C04F79EFBC}") = "Unilink.TechTest.Infrastructure", "Unilink.TechTest.Infrastructure\Unilink.TechTest.Infrastructure.csproj", "{8AC0088A-4980-473B-B11D-9AB5DEC6A8E5}"
EndProject
Project("{FAE04EC0-301F-11D3-BF4B-00C04F79EFBC}") = "Unilink.TechTest.WebApi", "Unilink.TechTest.WebApi\Unilink.TechTest.WebApi.csproj", "{AFA41600-4662-4B82-98D1-4C39B642C9EA}"
EndProject
Global
	GlobalSection(SolutionConfigurationPlatforms) = preSolution
		Debug|Any CPU = Debug|Any CPU
		Release|Any CPU = Release|Any CPU
	EndGlobalSection
	GlobalSection(ProjectConfigurationPlatforms) = postSolution
		{26397CD8-0C93-45B2-A44D-F4D690063350}.Debug|Any CPU.ActiveCfg = Debug|Any CPU
		{26397CD8-0C93-45B2-A44D-F4D690063350}.Debug|Any CPU.Build.0 = Debug|Any CPU
		{26397CD8-0C93-45B2-A44D-F4D690063350}.Release|Any CPU.ActiveCfg = Release|Any CPU
		{26397CD8-0C93-45B2-A44D-F4D690063350}.Release|Any CPU.Build.0 = Release|Any CPU
		{3EF9E762-3132-480C-8827-0DC61D722D36}.Debug|Any CPU.ActiveCfg = Debug|Any CPU
		{3EF9E762-3132-480C-8827-0DC61D722D36}.Debug|Any CPU.Build.0 = Debug|Any CPU
		{3EF9E762-3132-480C-8827-0DC61D722D36}.Release|Any CPU.ActiveCfg = Release|Any CPU
		{3EF9E762-3132-480C-8827-0DC61D722D36}.Release|Any CPU.Build.0 = Release|Any CPU
		{8AC0088A-4980-473B-B11D-9AB5DEC6A8E5}.Debug|Any CPU.ActiveCfg = Debug|Any CPU
		{8AC0088A-4980-473B-B11D-9AB5DEC6A8E5}.Debug|Any CPU.Build.0 = Debug|Any CPU
		{8AC0088A-4980-473B-B11D-9AB5DEC6A8E5}.Release|Any CPU.ActiveCfg = Release|Any CPU
		{8AC0088A-4980-473B-B11D-9AB5DEC6A8E5}.Release|Any CPU.Build.0 = Release|Any CPU
		{AFA41600-4662-4B82-98D1-4C39B642C9EA}.Debug|Any CPU.ActiveCfg = Debug|Any CPU
		{AFA41600-4662-4B82-98D1-4C39B642C9EA}.Debug|Any CPU.Build.0 = Debug|Any CPU
		{AFA41600-4662-4B82-98D1-4C39B642C9EA}.Release|Any CPU.ActiveCfg = Release|Any CPU
		{AFA41600-4662-4B82-98D1-4C39B642C9EA}.Release|Any CPU.Build.0 = Release|Any CPU
	EndGlobalSection
	GlobalSection(SolutionProperties) = preSolution
		HideSolutionNode = FALSE
	EndGlobalSection
	GlobalSection(ExtensibilityGlobals) = postSolution
		SolutionGuid = {0A1A6296-AA77-4714-AE64-108C3689165D}
	EndGlobalSection
EndGlobal
